
Microsoft Visual Studio Solution File, Format Version 12.00
# Visual Studio Version 16
VisualStudioVersion = 16.0.30002.166
MinimumVisualStudioVersion = 10.0.40219.1
Project("{FAE04EC0-301F-11D3-BF4B-00C04F79EFBC}") = "OOP_lab_3_17_1", "OOP_lab_3_17_1\OOP_lab_3_17_1.csproj", "{73DAD43E-E54D-4C3E-855B-A051BDD8B652}"
EndProject
Project("{2150E333-8FDC-42A3-9474-1A3956D46DE8}") = "Solution Items", "Solution Items", "{73C1C594-7F96-4AFE-8302-CA6C3E58B71D}"
	ProjectSection(SolutionItems) = preProject
		.travis.yml = .travis.yml
	EndProjectSection
EndProject
Global
	GlobalSection(SolutionConfigurationPlatforms) = preSolution
		Debug|Any CPU = Debug|Any CPU
		Release|Any CPU = Release|Any CPU
	EndGlobalSection
	GlobalSection(ProjectConfigurationPlatforms) = postSolution
		{73DAD43E-E54D-4C3E-855B-A051BDD8B652}.Debug|Any CPU.ActiveCfg = Debug|Any CPU
		{73DAD43E-E54D-4C3E-855B-A051BDD8B652}.Debug|Any CPU.Build.0 = Debug|Any CPU
		{73DAD43E-E54D-4C3E-855B-A051BDD8B652}.Release|Any CPU.ActiveCfg = Release|Any CPU
		{73DAD43E-E54D-4C3E-855B-A051BDD8B652}.Release|Any CPU.Build.0 = Release|Any CPU
	EndGlobalSection
	GlobalSection(SolutionProperties) = preSolution
		HideSolutionNode = FALSE
	EndGlobalSection
	GlobalSection(ExtensibilityGlobals) = postSolution
		SolutionGuid = {E9A94BA8-BBEF-41ED-834B-E496A727DF3A}
	EndGlobalSection
EndGlobal
